
Microsoft Visual Studio Solution File, Format Version 12.00
# Visual Studio Version 17
VisualStudioVersion = 17.4.33403.182
MinimumVisualStudioVersion = 10.0.40219.1
Project("{9A19103F-16F7-4668-BE54-9A1E7A4F7556}") = "Kyle.AuthServer", "Kyle.AuthServer\Kyle.AuthServer.csproj", "{0B23A4FE-8536-4E16-8C13-D445F861FABA}"
EndProject
Project("{2150E333-8FDC-42A3-9474-1A3956D46DE8}") = "0.Host", "0.Host", "{21D8411B-6031-493B-96B2-3136A89F30D8}"
EndProject
Project("{9A19103F-16F7-4668-BE54-9A1E7A4F7556}") = "Kyle.Mall", "Kyle.Mall\Kyle.Mall.csproj", "{9DCC76C9-5E56-437C-84E4-CBAE74CB6ADD}"
EndProject
Project("{2150E333-8FDC-42A3-9474-1A3956D46DE8}") = "infrastructure", "infrastructure", "{3D508119-0CB6-4D2C-9BB7-C92850446875}"
EndProject
Project("{9A19103F-16F7-4668-BE54-9A1E7A4F7556}") = "Kyle.Infrastructure.ConsulFramework", "Kyle.Infrastructure.ConsulFramework\Kyle.Infrastructure.ConsulFramework.csproj", "{BA661B33-F2A2-4348-B23F-F58FFF0B22B6}"
EndProject
Project("{2150E333-8FDC-42A3-9474-1A3956D46DE8}") = "context", "context", "{3D545EB9-915C-4AEA-8652-7046240B9FF4}"
EndProject
Project("{2150E333-8FDC-42A3-9474-1A3956D46DE8}") = "Members", "Members", "{35B4F2B5-C1C7-4118-86F6-E74DA50819D5}"
EndProject
Project("{9A19103F-16F7-4668-BE54-9A1E7A4F7556}") = "Kyle.Members.Application.Constructs", "Kyle.Members.Application.Constructs\Kyle.Members.Application.Constructs.csproj", "{0418803D-7F4D-4D6E-877F-4CFE4AAEADF5}"
EndProject
Project("{9A19103F-16F7-4668-BE54-9A1E7A4F7556}") = "Kyle.Members.Application", "Kyle.Members.Application\Kyle.Members.Application.csproj", "{AD80EA4E-FD00-47C4-9E70-074E03D12A3D}"
EndProject
Project("{9A19103F-16F7-4668-BE54-9A1E7A4F7556}") = "Kyle.Members.Domain", "Kyle.Members.Domain\Kyle.Members.Domain.csproj", "{8DBD49E8-75C9-4343-A8CE-C4BA94A8F7BC}"
EndProject
Project("{9A19103F-16F7-4668-BE54-9A1E7A4F7556}") = "Kyle.Members.DapperFramework", "Kyle.Members.DapperFramework\Kyle.Members.DapperFramework.csproj", "{07E61BA5-6F2F-410A-82CA-04A13C711278}"
EndProject
Project("{9A19103F-16F7-4668-BE54-9A1E7A4F7556}") = "Kyle.Extensions", "Kyle.Extensions\Kyle.Extensions.csproj", "{9AD29E87-2DF5-496F-9B88-AEB58B386FE2}"
EndProject
Project("{9A19103F-16F7-4668-BE54-9A1E7A4F7556}") = "Kyle.DependencyScrutor", "Kyle.DependencyScrutor\Kyle.DependencyScrutor.csproj", "{0F7DEC80-856A-4DCA-A190-7B7BE4E11475}"
EndProject
Project("{9A19103F-16F7-4668-BE54-9A1E7A4F7556}") = "Kyle.EntityFrameworkExtensions", "Kyle.EntityFrameworkExtensions\Kyle.EntityFrameworkExtensions.csproj", "{6CA235F5-4E16-4CAF-A8D0-E3AB45BAD3F2}"
EndProject
Project("{9A19103F-16F7-4668-BE54-9A1E7A4F7556}") = "Kyle.DapperFrameworkExtensions", "Kyle.DapperFrameworkExtensions\Kyle.DapperFrameworkExtensions.csproj", "{4D1794AC-2B4A-45E7-A453-F1B5796D9B13}"
EndProject
Project("{9A19103F-16F7-4668-BE54-9A1E7A4F7556}") = "Kyle.DependencyAutofac", "Kyle.DependencyAutofac\Kyle.DependencyAutofac.csproj", "{C9207159-1B94-4342-926A-F1E24C03C358}"
EndProject
Project("{9A19103F-16F7-4668-BE54-9A1E7A4F7556}") = "Kyle.LoggerSerilog", "Kyle.LoggerSerilog\Kyle.LoggerSerilog.csproj", "{B3B2DAAB-E95E-4B6F-9AF6-6E55D062F208}"
EndProject
Project("{9A19103F-16F7-4668-BE54-9A1E7A4F7556}") = "Kyle.Infrastructure.RedisExtensions", "Kyle.Infrastructure.RedisExtensions\Kyle.Infrastructure.RedisExtensions.csproj", "{17677834-20F2-4BA6-A5FE-5486E7775481}"
EndProject
Project("{2150E333-8FDC-42A3-9474-1A3956D46DE8}") = "demo", "demo", "{AA545146-2828-42AD-9B7B-B7BFB232FB51}"
EndProject
Project("{9A19103F-16F7-4668-BE54-9A1E7A4F7556}") = "Kyle.RedisDemo", "Kyle.RedisDemo\Kyle.RedisDemo.csproj", "{90619599-738B-420C-BD24-E0F275865BBD}"
EndProject
Project("{9A19103F-16F7-4668-BE54-9A1E7A4F7556}") = "Kyle.DIDemo", "Kyle.DIDemo\Kyle.DIDemo.csproj", "{C25BC86B-B03E-4665-9A47-CAD10CDF876F}"
EndProject
Project("{9A19103F-16F7-4668-BE54-9A1E7A4F7556}") = "Kyle.Gateway", "Kyle.Gateway\Kyle.Gateway.csproj", "{3F63D800-1CFD-4023-BD01-DE13B8631962}"
EndProject
Project("{9A19103F-16F7-4668-BE54-9A1E7A4F7556}") = "Kyle.Members.EntityFramework", "Kyle.Members.EntityFramework\Kyle.Members.EntityFramework.csproj", "{E0011C64-5B87-4E3D-8100-599E2E76D4DB}"
EndProject
Project("{FAE04EC0-301F-11D3-BF4B-00C04F79EFBC}") = "Kyle.DependencyServiceCollection", "Kyle.DependencyServiceCollection\Kyle.DependencyServiceCollection.csproj", "{F94D8610-BC8D-4F7A-B9E9-555AAF78AD33}"
EndProject
Project("{FAE04EC0-301F-11D3-BF4B-00C04F79EFBC}") = "Kyle.Members.EntityFramework.Test", "Kyle.Members.EntityFramework.Test\Kyle.Members.EntityFramework.Test.csproj", "{B8917E73-4E98-48C9-81C4-5DA44CA33FCD}"
EndProject
Global
	GlobalSection(SolutionConfigurationPlatforms) = preSolution
		Debug|Any CPU = Debug|Any CPU
		Release|Any CPU = Release|Any CPU
	EndGlobalSection
	GlobalSection(ProjectConfigurationPlatforms) = postSolution
		{0B23A4FE-8536-4E16-8C13-D445F861FABA}.Debug|Any CPU.ActiveCfg = Debug|Any CPU
		{0B23A4FE-8536-4E16-8C13-D445F861FABA}.Debug|Any CPU.Build.0 = Debug|Any CPU
		{0B23A4FE-8536-4E16-8C13-D445F861FABA}.Release|Any CPU.ActiveCfg = Release|Any CPU
		{0B23A4FE-8536-4E16-8C13-D445F861FABA}.Release|Any CPU.Build.0 = Release|Any CPU
		{9DCC76C9-5E56-437C-84E4-CBAE74CB6ADD}.Debug|Any CPU.ActiveCfg = Debug|Any CPU
		{9DCC76C9-5E56-437C-84E4-CBAE74CB6ADD}.Debug|Any CPU.Build.0 = Debug|Any CPU
		{9DCC76C9-5E56-437C-84E4-CBAE74CB6ADD}.Release|Any CPU.ActiveCfg = Release|Any CPU
		{9DCC76C9-5E56-437C-84E4-CBAE74CB6ADD}.Release|Any CPU.Build.0 = Release|Any CPU
		{BA661B33-F2A2-4348-B23F-F58FFF0B22B6}.Debug|Any CPU.ActiveCfg = Debug|Any CPU
		{BA661B33-F2A2-4348-B23F-F58FFF0B22B6}.Debug|Any CPU.Build.0 = Debug|Any CPU
		{BA661B33-F2A2-4348-B23F-F58FFF0B22B6}.Release|Any CPU.ActiveCfg = Release|Any CPU
		{BA661B33-F2A2-4348-B23F-F58FFF0B22B6}.Release|Any CPU.Build.0 = Release|Any CPU
		{0418803D-7F4D-4D6E-877F-4CFE4AAEADF5}.Debug|Any CPU.ActiveCfg = Debug|Any CPU
		{0418803D-7F4D-4D6E-877F-4CFE4AAEADF5}.Debug|Any CPU.Build.0 = Debug|Any CPU
		{0418803D-7F4D-4D6E-877F-4CFE4AAEADF5}.Release|Any CPU.ActiveCfg = Release|Any CPU
		{0418803D-7F4D-4D6E-877F-4CFE4AAEADF5}.Release|Any CPU.Build.0 = Release|Any CPU
		{AD80EA4E-FD00-47C4-9E70-074E03D12A3D}.Debug|Any CPU.ActiveCfg = Debug|Any CPU
		{AD80EA4E-FD00-47C4-9E70-074E03D12A3D}.Debug|Any CPU.Build.0 = Debug|Any CPU
		{AD80EA4E-FD00-47C4-9E70-074E03D12A3D}.Release|Any CPU.ActiveCfg = Release|Any CPU
		{AD80EA4E-FD00-47C4-9E70-074E03D12A3D}.Release|Any CPU.Build.0 = Release|Any CPU
		{8DBD49E8-75C9-4343-A8CE-C4BA94A8F7BC}.Debug|Any CPU.ActiveCfg = Debug|Any CPU
		{8DBD49E8-75C9-4343-A8CE-C4BA94A8F7BC}.Debug|Any CPU.Build.0 = Debug|Any CPU
		{8DBD49E8-75C9-4343-A8CE-C4BA94A8F7BC}.Release|Any CPU.ActiveCfg = Release|Any CPU
		{8DBD49E8-75C9-4343-A8CE-C4BA94A8F7BC}.Release|Any CPU.Build.0 = Release|Any CPU
		{07E61BA5-6F2F-410A-82CA-04A13C711278}.Debug|Any CPU.ActiveCfg = Debug|Any CPU
		{07E61BA5-6F2F-410A-82CA-04A13C711278}.Debug|Any CPU.Build.0 = Debug|Any CPU
		{07E61BA5-6F2F-410A-82CA-04A13C711278}.Release|Any CPU.ActiveCfg = Release|Any CPU
		{07E61BA5-6F2F-410A-82CA-04A13C711278}.Release|Any CPU.Build.0 = Release|Any CPU
		{9AD29E87-2DF5-496F-9B88-AEB58B386FE2}.Debug|Any CPU.ActiveCfg = Debug|Any CPU
		{9AD29E87-2DF5-496F-9B88-AEB58B386FE2}.Debug|Any CPU.Build.0 = Debug|Any CPU
		{9AD29E87-2DF5-496F-9B88-AEB58B386FE2}.Release|Any CPU.ActiveCfg = Release|Any CPU
		{9AD29E87-2DF5-496F-9B88-AEB58B386FE2}.Release|Any CPU.Build.0 = Release|Any CPU
		{0F7DEC80-856A-4DCA-A190-7B7BE4E11475}.Debug|Any CPU.ActiveCfg = Debug|Any CPU
		{0F7DEC80-856A-4DCA-A190-7B7BE4E11475}.Debug|Any CPU.Build.0 = Debug|Any CPU
		{0F7DEC80-856A-4DCA-A190-7B7BE4E11475}.Release|Any CPU.ActiveCfg = Release|Any CPU
		{0F7DEC80-856A-4DCA-A190-7B7BE4E11475}.Release|Any CPU.Build.0 = Release|Any CPU
		{6CA235F5-4E16-4CAF-A8D0-E3AB45BAD3F2}.Debug|Any CPU.ActiveCfg = Debug|Any CPU
		{6CA235F5-4E16-4CAF-A8D0-E3AB45BAD3F2}.Debug|Any CPU.Build.0 = Debug|Any CPU
		{6CA235F5-4E16-4CAF-A8D0-E3AB45BAD3F2}.Release|Any CPU.ActiveCfg = Release|Any CPU
		{6CA235F5-4E16-4CAF-A8D0-E3AB45BAD3F2}.Release|Any CPU.Build.0 = Release|Any CPU
		{4D1794AC-2B4A-45E7-A453-F1B5796D9B13}.Debug|Any CPU.ActiveCfg = Debug|Any CPU
		{4D1794AC-2B4A-45E7-A453-F1B5796D9B13}.Debug|Any CPU.Build.0 = Debug|Any CPU
		{4D1794AC-2B4A-45E7-A453-F1B5796D9B13}.Release|Any CPU.ActiveCfg = Release|Any CPU
		{4D1794AC-2B4A-45E7-A453-F1B5796D9B13}.Release|Any CPU.Build.0 = Release|Any CPU
		{C9207159-1B94-4342-926A-F1E24C03C358}.Debug|Any CPU.ActiveCfg = Debug|Any CPU
		{C9207159-1B94-4342-926A-F1E24C03C358}.Debug|Any CPU.Build.0 = Debug|Any CPU
		{C9207159-1B94-4342-926A-F1E24C03C358}.Release|Any CPU.ActiveCfg = Release|Any CPU
		{C9207159-1B94-4342-926A-F1E24C03C358}.Release|Any CPU.Build.0 = Release|Any CPU
		{B3B2DAAB-E95E-4B6F-9AF6-6E55D062F208}.Debug|Any CPU.ActiveCfg = Debug|Any CPU
		{B3B2DAAB-E95E-4B6F-9AF6-6E55D062F208}.Debug|Any CPU.Build.0 = Debug|Any CPU
		{B3B2DAAB-E95E-4B6F-9AF6-6E55D062F208}.Release|Any CPU.ActiveCfg = Release|Any CPU
		{B3B2DAAB-E95E-4B6F-9AF6-6E55D062F208}.Release|Any CPU.Build.0 = Release|Any CPU
		{17677834-20F2-4BA6-A5FE-5486E7775481}.Debug|Any CPU.ActiveCfg = Debug|Any CPU
		{17677834-20F2-4BA6-A5FE-5486E7775481}.Debug|Any CPU.Build.0 = Debug|Any CPU
		{17677834-20F2-4BA6-A5FE-5486E7775481}.Release|Any CPU.ActiveCfg = Release|Any CPU
		{17677834-20F2-4BA6-A5FE-5486E7775481}.Release|Any CPU.Build.0 = Release|Any CPU
		{90619599-738B-420C-BD24-E0F275865BBD}.Debug|Any CPU.ActiveCfg = Debug|Any CPU
		{90619599-738B-420C-BD24-E0F275865BBD}.Debug|Any CPU.Build.0 = Debug|Any CPU
		{90619599-738B-420C-BD24-E0F275865BBD}.Release|Any CPU.ActiveCfg = Release|Any CPU
		{90619599-738B-420C-BD24-E0F275865BBD}.Release|Any CPU.Build.0 = Release|Any CPU
		{C25BC86B-B03E-4665-9A47-CAD10CDF876F}.Debug|Any CPU.ActiveCfg = Debug|Any CPU
		{C25BC86B-B03E-4665-9A47-CAD10CDF876F}.Debug|Any CPU.Build.0 = Debug|Any CPU
		{C25BC86B-B03E-4665-9A47-CAD10CDF876F}.Release|Any CPU.ActiveCfg = Release|Any CPU
		{C25BC86B-B03E-4665-9A47-CAD10CDF876F}.Release|Any CPU.Build.0 = Release|Any CPU
		{3F63D800-1CFD-4023-BD01-DE13B8631962}.Debug|Any CPU.ActiveCfg = Debug|Any CPU
		{3F63D800-1CFD-4023-BD01-DE13B8631962}.Debug|Any CPU.Build.0 = Debug|Any CPU
		{3F63D800-1CFD-4023-BD01-DE13B8631962}.Release|Any CPU.ActiveCfg = Release|Any CPU
		{3F63D800-1CFD-4023-BD01-DE13B8631962}.Release|Any CPU.Build.0 = Release|Any CPU
		{E0011C64-5B87-4E3D-8100-599E2E76D4DB}.Debug|Any CPU.ActiveCfg = Debug|Any CPU
		{E0011C64-5B87-4E3D-8100-599E2E76D4DB}.Debug|Any CPU.Build.0 = Debug|Any CPU
		{E0011C64-5B87-4E3D-8100-599E2E76D4DB}.Release|Any CPU.ActiveCfg = Release|Any CPU
		{E0011C64-5B87-4E3D-8100-599E2E76D4DB}.Release|Any CPU.Build.0 = Release|Any CPU
		{F94D8610-BC8D-4F7A-B9E9-555AAF78AD33}.Debug|Any CPU.ActiveCfg = Debug|Any CPU
		{F94D8610-BC8D-4F7A-B9E9-555AAF78AD33}.Debug|Any CPU.Build.0 = Debug|Any CPU
		{F94D8610-BC8D-4F7A-B9E9-555AAF78AD33}.Release|Any CPU.ActiveCfg = Release|Any CPU
		{F94D8610-BC8D-4F7A-B9E9-555AAF78AD33}.Release|Any CPU.Build.0 = Release|Any CPU
		{B8917E73-4E98-48C9-81C4-5DA44CA33FCD}.Debug|Any CPU.ActiveCfg = Debug|Any CPU
		{B8917E73-4E98-48C9-81C4-5DA44CA33FCD}.Debug|Any CPU.Build.0 = Debug|Any CPU
		{B8917E73-4E98-48C9-81C4-5DA44CA33FCD}.Release|Any CPU.ActiveCfg = Release|Any CPU
		{B8917E73-4E98-48C9-81C4-5DA44CA33FCD}.Release|Any CPU.Build.0 = Release|Any CPU
	EndGlobalSection
	GlobalSection(SolutionProperties) = preSolution
		HideSolutionNode = FALSE
	EndGlobalSection
	GlobalSection(NestedProjects) = preSolution
		{0B23A4FE-8536-4E16-8C13-D445F861FABA} = {21D8411B-6031-493B-96B2-3136A89F30D8}
		{9DCC76C9-5E56-437C-84E4-CBAE74CB6ADD} = {21D8411B-6031-493B-96B2-3136A89F30D8}
		{BA661B33-F2A2-4348-B23F-F58FFF0B22B6} = {3D508119-0CB6-4D2C-9BB7-C92850446875}
		{35B4F2B5-C1C7-4118-86F6-E74DA50819D5} = {3D545EB9-915C-4AEA-8652-7046240B9FF4}
		{0418803D-7F4D-4D6E-877F-4CFE4AAEADF5} = {35B4F2B5-C1C7-4118-86F6-E74DA50819D5}
		{AD80EA4E-FD00-47C4-9E70-074E03D12A3D} = {35B4F2B5-C1C7-4118-86F6-E74DA50819D5}
		{8DBD49E8-75C9-4343-A8CE-C4BA94A8F7BC} = {35B4F2B5-C1C7-4118-86F6-E74DA50819D5}
		{07E61BA5-6F2F-410A-82CA-04A13C711278} = {35B4F2B5-C1C7-4118-86F6-E74DA50819D5}
		{9AD29E87-2DF5-496F-9B88-AEB58B386FE2} = {3D508119-0CB6-4D2C-9BB7-C92850446875}
		{0F7DEC80-856A-4DCA-A190-7B7BE4E11475} = {3D508119-0CB6-4D2C-9BB7-C92850446875}
		{6CA235F5-4E16-4CAF-A8D0-E3AB45BAD3F2} = {3D508119-0CB6-4D2C-9BB7-C92850446875}
		{4D1794AC-2B4A-45E7-A453-F1B5796D9B13} = {3D508119-0CB6-4D2C-9BB7-C92850446875}
		{C9207159-1B94-4342-926A-F1E24C03C358} = {3D508119-0CB6-4D2C-9BB7-C92850446875}
		{B3B2DAAB-E95E-4B6F-9AF6-6E55D062F208} = {3D508119-0CB6-4D2C-9BB7-C92850446875}
		{17677834-20F2-4BA6-A5FE-5486E7775481} = {3D508119-0CB6-4D2C-9BB7-C92850446875}
		{90619599-738B-420C-BD24-E0F275865BBD} = {AA545146-2828-42AD-9B7B-B7BFB232FB51}
		{C25BC86B-B03E-4665-9A47-CAD10CDF876F} = {AA545146-2828-42AD-9B7B-B7BFB232FB51}
		{3F63D800-1CFD-4023-BD01-DE13B8631962} = {21D8411B-6031-493B-96B2-3136A89F30D8}
		{E0011C64-5B87-4E3D-8100-599E2E76D4DB} = {35B4F2B5-C1C7-4118-86F6-E74DA50819D5}
		{F94D8610-BC8D-4F7A-B9E9-555AAF78AD33} = {3D508119-0CB6-4D2C-9BB7-C92850446875}
		{B8917E73-4E98-48C9-81C4-5DA44CA33FCD} = {35B4F2B5-C1C7-4118-86F6-E74DA50819D5}
	EndGlobalSection
	GlobalSection(ExtensibilityGlobals) = postSolution
		SolutionGuid = {12AFE152-B9ED-4907-A6BD-14953312D61B}
	EndGlobalSection
EndGlobal
